<?xml version="1.0"?>
<CONFIG>
  <ProjectOptions>
    <Version Value="9"/>
    <PathDelim Value="\"/>
    <General>
      <Flags>
        <MainUnitHasCreateFormStatements Value="False"/>
        <MainUnitHasTitleStatement Value="False"/>
      </Flags>
      <UseXPManifest Value="True"/>
      <Icon Value="0"/>
      <ActiveWindowIndexAtStart Value="0"/>
    </General>
    <VersionInfo>
      <UseVersionInfo Value="True"/>
      <AutoIncrementBuild Value="True"/>
      <BuildNr Value="41"/>
      <StringTable ProductVersion="0.0.0.23"/>
    </VersionInfo>
    <PublishOptions>
      <Version Value="2"/>
      <IgnoreBinaries Value="False"/>
      <IncludeFileFilter Value="*.(pas|pp|inc|lfm|lpr|lrs|lpi|lpk|sh|xml)"/>
      <ExcludeFileFilter Value="*.(bak|ppu|ppw|o|so);*~;backup"/>
    </PublishOptions>
    <RunParams>
      <local>
        <FormatVersion Value="1"/>
        <LaunchingApplication PathPlusParams="/usr/X11R6/bin/xterm -T 'Lazarus Run Output' -e $(LazarusDir)/tools/runwait.sh $(TargetCmdLine)"/>
      </local>
    </RunParams>
    <Units Count="39">
      <Unit0>
        <Filename Value="OrionPHP.lpr"/>
        <IsPartOfProject Value="True"/>
        <IsVisibleTab Value="True"/>
        <EditorIndex Value="0"/>
        <WindowIndex Value="0"/>
        <TopLine Value="12"/>
        <CursorPos X="1" Y="75"/>
        <UsageCount Value="31"/>
        <Loaded Value="True"/>
        <DefaultSyntaxHighlighter Value="Delphi"/>
      </Unit0>
      <Unit1>
        <Filename Value="..\libs\uFile.pas"/>
        <UnitName Value="uFile"/>
        <TopLine Value="1"/>
        <CursorPos X="21" Y="10"/>
        <UsageCount Value="9"/>
        <DefaultSyntaxHighlighter Value="Delphi"/>
      </Unit1>
      <Unit2>
        <Filename Value="..\VM\vmShortApi.pas"/>
        <UnitName Value="vmShortApi"/>
        <WindowIndex Value="0"/>
        <TopLine Value="43"/>
        <CursorPos X="1" Y="686"/>
        <UsageCount Value="12"/>
        <DefaultSyntaxHighlighter Value="Delphi"/>
      </Unit2>
      <Unit3>
        <Filename Value="..\uTypes.pas"/>
        <UnitName Value="uTypes"/>
        <WindowIndex Value="0"/>
        <TopLine Value="59"/>
        <CursorPos X="11" Y="84"/>
        <UsageCount Value="9"/>
        <DefaultSyntaxHighlighter Value="Delphi"/>
      </Unit3>
      <Unit4>
        <Filename Value="..\uStack.pas"/>
        <UnitName Value="uStack"/>
        <EditorIndex Value="6"/>
        <WindowIndex Value="0"/>
        <TopLine Value="182"/>
        <CursorPos X="24" Y="170"/>
        <UsageCount Value="13"/>
        <Loaded Value="True"/>
        <DefaultSyntaxHighlighter Value="Delphi"/>
      </Unit4>
      <Unit5>
        <Filename Value="..\VM\vmCrossValues.pas"/>
        <UnitName Value="vmCrossValues"/>
        <EditorIndex Value="3"/>
        <WindowIndex Value="0"/>
        <TopLine Value="1"/>
        <CursorPos X="27" Y="19"/>
        <UsageCount Value="12"/>
        <Loaded Value="True"/>
        <DefaultSyntaxHighlighter Value="Delphi"/>
      </Unit5>
      <Unit6>
        <Filename Value="..\VM\cOptions.inc"/>
        <WindowIndex Value="0"/>
        <TopLine Value="3"/>
        <CursorPos X="37" Y="20"/>
        <UsageCount Value="9"/>
        <DefaultSyntaxHighlighter Value="Delphi"/>
      </Unit6>
      <Unit7>
        <Filename Value="C:\lazarus\fpc\2.4.0\source\rtl\win\sysutils.pp"/>
        <UnitName Value="sysutils"/>
        <TopLine Value="1"/>
        <CursorPos X="1" Y="1"/>
        <UsageCount Value="9"/>
      </Unit7>
      <Unit8>
        <Filename Value="..\VM\vmValues.pas"/>
        <UnitName Value="vmValues"/>
        <WindowIndex Value="0"/>
        <TopLine Value="1"/>
        <CursorPos X="1" Y="1"/>
        <UsageCount Value="9"/>
        <DefaultSyntaxHighlighter Value="Delphi"/>
      </Unit8>
      <Unit9>
        <Filename Value="..\uManRes.pas"/>
        <UnitName Value="uManRes"/>
        <WindowIndex Value="0"/>
        <TopLine Value="1"/>
        <CursorPos X="1" Y="1"/>
        <UsageCount Value="9"/>
        <DefaultSyntaxHighlighter Value="Delphi"/>
      </Unit9>
      <Unit10>
        <Filename Value="..\VM\vmConstants.pas"/>
        <UnitName Value="vmConstants"/>
        <WindowIndex Value="0"/>
        <TopLine Value="1"/>
        <CursorPos X="33" Y="10"/>
        <UsageCount Value="10"/>
        <DefaultSyntaxHighlighter Value="Delphi"/>
      </Unit10>
      <Unit11>
        <Filename Value="..\libs\uMath.pas"/>
        <UnitName Value="uMath"/>
        <WindowIndex Value="0"/>
        <TopLine Value="7"/>
        <CursorPos X="1" Y="1"/>
        <UsageCount Value="9"/>
        <DefaultSyntaxHighlighter Value="Delphi"/>
      </Unit11>
      <Unit12>
        <Filename Value="..\uStrUtils.pas"/>
        <UnitName Value="uStrUtils"/>
        <WindowIndex Value="0"/>
        <TopLine Value="58"/>
        <CursorPos X="10" Y="84"/>
        <UsageCount Value="9"/>
        <DefaultSyntaxHighlighter Value="Delphi"/>
      </Unit12>
      <Unit13>
        <Filename Value="..\VM\vmLoader.pas"/>
        <UnitName Value="vmLoader"/>
        <WindowIndex Value="0"/>
        <TopLine Value="10"/>
        <CursorPos X="18" Y="25"/>
        <UsageCount Value="9"/>
        <DefaultSyntaxHighlighter Value="Delphi"/>
      </Unit13>
      <Unit14>
        <Filename Value="..\VM\funcs\vmCoreMath.pas"/>
        <UnitName Value="vmCoreMath"/>
        <EditorIndex Value="7"/>
        <WindowIndex Value="0"/>
        <TopLine Value="237"/>
        <CursorPos X="36" Y="306"/>
        <UsageCount Value="13"/>
        <Loaded Value="True"/>
        <DefaultSyntaxHighlighter Value="Delphi"/>
      </Unit14>
      <Unit15>
        <Filename Value="..\VM\vmCompiler.pas"/>
        <UnitName Value="vmCompiler"/>
        <WindowIndex Value="0"/>
        <TopLine Value="1"/>
        <CursorPos X="36" Y="10"/>
        <UsageCount Value="9"/>
        <DefaultSyntaxHighlighter Value="Delphi"/>
      </Unit15>
      <Unit16>
        <Filename Value="..\Orion.pas"/>
        <UnitName Value="Orion"/>
        <EditorIndex Value="4"/>
        <WindowIndex Value="0"/>
        <TopLine Value="58"/>
        <CursorPos X="36" Y="76"/>
        <UsageCount Value="14"/>
        <Loaded Value="True"/>
        <DefaultSyntaxHighlighter Value="Delphi"/>
      </Unit16>
      <Unit17>
        <Filename Value="C:\lazarus\fpc\2.4.2\source\rtl\win\sysutils.pp"/>
        <UnitName Value="sysutils"/>
        <TopLine Value="6"/>
        <CursorPos X="3" Y="21"/>
        <UsageCount Value="9"/>
      </Unit17>
      <Unit18>
        <Filename Value="..\VM\vmNativeFunc.pas"/>
        <UnitName Value="vmNativeFunc"/>
        <EditorIndex Value="8"/>
        <WindowIndex Value="0"/>
        <TopLine Value="121"/>
        <CursorPos X="127" Y="15"/>
        <UsageCount Value="14"/>
        <Loaded Value="True"/>
        <DefaultSyntaxHighlighter Value="Delphi"/>
      </Unit18>
      <Unit19>
        <Filename Value="..\OriWrap.pas"/>
        <UnitName Value="OriWrap"/>
        <WindowIndex Value="0"/>
        <TopLine Value="12"/>
        <CursorPos X="12" Y="25"/>
        <UsageCount Value="9"/>
        <DefaultSyntaxHighlighter Value="Delphi"/>
      </Unit19>
      <Unit20>
        <Filename Value="..\VM\vmTypes.pas"/>
        <UnitName Value="vmTypes"/>
        <WindowIndex Value="0"/>
        <TopLine Value="385"/>
        <CursorPos X="1" Y="1"/>
        <UsageCount Value="10"/>
        <DefaultSyntaxHighlighter Value="Delphi"/>
      </Unit20>
      <Unit21>
        <Filename Value="..\VM\vmEval.pas"/>
        <UnitName Value="vmEval"/>
        <EditorIndex Value="5"/>
        <WindowIndex Value="0"/>
        <TopLine Value="879"/>
        <CursorPos X="32" Y="888"/>
        <UsageCount Value="12"/>
        <Loaded Value="True"/>
        <DefaultSyntaxHighlighter Value="Delphi"/>
      </Unit21>
      <Unit22>
        <Filename Value="..\VM\funcs\vmCore.pas"/>
        <UnitName Value="vmCore"/>
        <WindowIndex Value="0"/>
        <TopLine Value="252"/>
        <CursorPos X="117" Y="258"/>
        <UsageCount Value="9"/>
        <DefaultSyntaxHighlighter Value="Delphi"/>
      </Unit22>
      <Unit23>
        <Filename Value="..\VM\funcs\vmCoreArray.pas"/>
        <UnitName Value="vmCoreArray"/>
        <WindowIndex Value="0"/>
        <TopLine Value="1"/>
        <CursorPos X="32" Y="345"/>
        <UsageCount Value="11"/>
        <DefaultSyntaxHighlighter Value="Delphi"/>
      </Unit23>
      <Unit24>
        <Filename Value="..\VM\funcs\vmCoreString.pas"/>
        <UnitName Value="vmCoreString"/>
        <WindowIndex Value="0"/>
        <TopLine Value="1"/>
        <CursorPos X="1" Y="1"/>
        <UsageCount Value="10"/>
        <DefaultSyntaxHighlighter Value="Delphi"/>
      </Unit24>
      <Unit25>
        <Filename Value="..\libs\md5hash.pas"/>
        <UnitName Value="md5hash"/>
        <WindowIndex Value="0"/>
        <TopLine Value="116"/>
        <CursorPos X="6" Y="143"/>
        <UsageCount Value="9"/>
        <DefaultSyntaxHighlighter Value="Delphi"/>
      </Unit25>
      <Unit26>
        <Filename Value="..\libs\FastMM4.pas"/>
        <UnitName Value="FastMM4"/>
        <WindowIndex Value="0"/>
        <TopLine Value="9239"/>
        <CursorPos X="1" Y="9263"/>
        <UsageCount Value="9"/>
        <DefaultSyntaxHighlighter Value="Delphi"/>
      </Unit26>
      <Unit27>
        <Filename Value="..\vmCoreConsole.pas"/>
        <UnitName Value="vmCoreConsole"/>
        <WindowIndex Value="0"/>
        <TopLine Value="86"/>
        <CursorPos X="7" Y="13"/>
        <UsageCount Value="9"/>
        <DefaultSyntaxHighlighter Value="Delphi"/>
      </Unit27>
      <Unit28>
        <Filename Value="..\uParser.pas"/>
        <UnitName Value="uParser"/>
        <WindowIndex Value="0"/>
        <TopLine Value="58"/>
        <CursorPos X="28" Y="267"/>
        <UsageCount Value="10"/>
        <DefaultSyntaxHighlighter Value="Delphi"/>
      </Unit28>
      <Unit29>
        <Filename Value="..\uErrors.pas"/>
        <UnitName Value="uErrors"/>
        <WindowIndex Value="0"/>
        <TopLine Value="82"/>
        <CursorPos X="15" Y="96"/>
        <UsageCount Value="10"/>
        <DefaultSyntaxHighlighter Value="Delphi"/>
      </Unit29>
      <Unit30>
        <Filename Value="..\VM\vmTables.pas"/>
        <UnitName Value="vmTables"/>
        <WindowIndex Value="0"/>
        <TopLine Value="1"/>
        <CursorPos X="71" Y="10"/>
        <UsageCount Value="10"/>
        <DefaultSyntaxHighlighter Value="Delphi"/>
      </Unit30>
      <Unit31>
        <Filename Value="..\VM\vmVariables.pas"/>
        <UnitName Value="vmVariables"/>
        <WindowIndex Value="0"/>
        <TopLine Value="1"/>
        <CursorPos X="47" Y="10"/>
        <UsageCount Value="10"/>
        <DefaultSyntaxHighlighter Value="Delphi"/>
      </Unit31>
      <Unit32>
        <Filename Value="..\libs\hash32.pas"/>
        <UnitName Value="hash32"/>
        <WindowIndex Value="0"/>
        <TopLine Value="22"/>
        <CursorPos X="1" Y="1"/>
        <UsageCount Value="9"/>
        <DefaultSyntaxHighlighter Value="Delphi"/>
      </Unit32>
      <Unit33>
        <Filename Value="..\uOpGen.pas"/>
        <UnitName Value="uOpGen"/>
        <WindowIndex Value="0"/>
        <TopLine Value="1"/>
        <CursorPos X="43" Y="10"/>
        <UsageCount Value="9"/>
        <DefaultSyntaxHighlighter Value="Delphi"/>
      </Unit33>
      <Unit34>
        <Filename Value="C:\lazarus\fpc\2.4.3\source\rtl\win\sysutils.pp"/>
        <UnitName Value="sysutils"/>
        <EditorIndex Value="1"/>
        <WindowIndex Value="0"/>
        <TopLine Value="202"/>
        <CursorPos X="12" Y="35"/>
        <UsageCount Value="12"/>
        <Loaded Value="True"/>
      </Unit34>
      <Unit35>
        <Filename Value="C:\lazarus\fpc\2.4.3\source\rtl\objpas\sysutils\sysutilh.inc"/>
        <EditorIndex Value="2"/>
        <WindowIndex Value="0"/>
        <TopLine Value="208"/>
        <CursorPos X="9" Y="217"/>
        <UsageCount Value="12"/>
        <Loaded Value="True"/>
      </Unit35>
      <Unit36>
        <Filename Value="C:\lazarus\fpc\2.4.3\source\rtl\objpas\sysutils\intfh.inc"/>
        <WindowIndex Value="0"/>
        <TopLine Value="12"/>
        <CursorPos X="1" Y="1"/>
        <UsageCount Value="10"/>
      </Unit36>
      <Unit37>
        <Filename Value="C:\lazarus\fpc\2.4.3\source\rtl\objpas\sysutils\filutilh.inc"/>
        <WindowIndex Value="0"/>
        <TopLine Value="75"/>
        <CursorPos X="1" Y="1"/>
        <UsageCount Value="10"/>
      </Unit37>
      <Unit38>
        <Filename Value="C:\lazarus\fpc\2.4.3\source\rtl\objpas\sysutils\syspchh.inc"/>
        <WindowIndex Value="0"/>
        <TopLine Value="21"/>
        <CursorPos X="1" Y="1"/>
        <UsageCount Value="10"/>
      </Unit38>
    </Units>
    <JumpHistory Count="27" HistoryIndex="26">
      <Position1>
        <Filename Value="OrionPHP.lpr"/>
        <Caret Line="13" Column="10" TopLine="1"/>
      </Position1>
      <Position2>
        <Filename Value="..\Orion.pas"/>
        <Caret Line="22" Column="21" TopLine="1"/>
      </Position2>
      <Position3>
        <Filename Value="OrionPHP.lpr"/>
        <Caret Line="13" Column="10" TopLine="4"/>
      </Position3>
      <Position4>
        <Filename Value="..\Orion.pas"/>
        <Caret Line="25" Column="41" TopLine="1"/>
      </Position4>
      <Position5>
        <Filename Value="..\Orion.pas"/>
        <Caret Line="21" Column="28" TopLine="1"/>
      </Position5>
      <Position6>
        <Filename Value="..\VM\vmEval.pas"/>
        <Caret Line="50" Column="36" TopLine="34"/>
      </Position6>
      <Position7>
        <Filename Value="..\VM\vmEval.pas"/>
        <Caret Line="229" Column="48" TopLine="214"/>
      </Position7>
      <Position8>
        <Filename Value="..\VM\vmEval.pas"/>
        <Caret Line="888" Column="33" TopLine="867"/>
      </Position8>
      <Position9>
        <Filename Value="..\uStack.pas"/>
        <Caret Line="75" Column="30" TopLine="60"/>
      </Position9>
      <Position10>
        <Filename Value="..\uStack.pas"/>
        <Caret Line="130" Column="16" TopLine="115"/>
      </Position10>
      <Position11>
        <Filename Value="..\uStack.pas"/>
        <Caret Line="176" Column="20" TopLine="170"/>
      </Position11>
      <Position12>
        <Filename Value="..\uStack.pas"/>
        <Caret Line="226" Column="34" TopLine="211"/>
      </Position12>
      <Position13>
        <Filename Value="..\uStack.pas"/>
        <Caret Line="231" Column="24" TopLine="229"/>
      </Position13>
      <Position14>
        <Filename Value="..\uStack.pas"/>
        <Caret Line="239" Column="20" TopLine="229"/>
      </Position14>
      <Position15>
        <Filename Value="..\VM\vmEval.pas"/>
        <Caret Line="888" Column="32" TopLine="879"/>
      </Position15>
      <Position16>
        <Filename Value="..\uStack.pas"/>
        <Caret Line="75" Column="30" TopLine="60"/>
      </Position16>
      <Position17>
        <Filename Value="..\uStack.pas"/>
        <Caret Line="130" Column="16" TopLine="115"/>
      </Position17>
      <Position18>
        <Filename Value="OrionPHP.lpr"/>
        <Caret Line="25" Column="41" TopLine="4"/>
      </Position18>
      <Position19>
        <Filename Value="..\VM\vmCrossValues.pas"/>
        <Caret Line="27" Column="34" TopLine="11"/>
      </Position19>
      <Position20>
        <Filename Value="OrionPHP.lpr"/>
        <Caret Line="20" Column="38" TopLine="1"/>
      </Position20>
      <Position21>
        <Filename Value="OrionPHP.lpr"/>
        <Caret Line="12" Column="6" TopLine="1"/>
      </Position21>
      <Position22>
        <Filename Value="C:\lazarus\fpc\2.4.3\source\rtl\win\sysutils.pp"/>
        <Caret Line="35" Column="12" TopLine="16"/>
      </Position22>
      <Position23>
        <Filename Value="C:\lazarus\fpc\2.4.3\source\rtl\objpas\sysutils\sysutilh.inc"/>
        <Caret Line="245" Column="10" TopLine="220"/>
      </Position23>
      <Position24>
        <Filename Value="C:\lazarus\fpc\2.4.3\source\rtl\objpas\sysutils\sysutilh.inc"/>
        <Caret Line="234" Column="14" TopLine="220"/>
      </Position24>
      <Position25>
        <Filename Value="C:\lazarus\fpc\2.4.3\source\rtl\objpas\sysutils\sysutilh.inc"/>
        <Caret Line="217" Column="9" TopLine="208"/>
      </Position25>
      <Position26>
        <Filename Value="OrionPHP.lpr"/>
        <Caret Line="15" Column="10" TopLine="7"/>
      </Position26>
      <Position27>
        <Filename Value="OrionPHP.lpr"/>
        <Caret Line="23" Column="46" TopLine="1"/>
      </Position27>
    </JumpHistory>
  </ProjectOptions>
  <CompilerOptions>
    <Version Value="9"/>
    <PathDelim Value="\"/>
    <SearchPaths>
      <IncludeFiles Value="$(ProjOutDir)\"/>
      <OtherUnitFiles Value="..\;..\VM\;..\VM\funcs\;..\libs\"/>
    </SearchPaths>
    <Parsing>
      <SyntaxOptions>
        <SyntaxMode Value="Delphi"/>
        <UseAnsiStrings Value="False"/>
      </SyntaxOptions>
    </Parsing>
    <CodeGeneration>
      <SmartLinkUnit Value="True"/>
    </CodeGeneration>
    <Linking>
      <Debugging>
        <UseLineInfoUnit Value="False"/>
        <StripSymbols Value="True"/>
        <UseExternalDbgSyms Value="True"/>
      </Debugging>
      <LinkSmart Value="True"/>
      <Options>
        <ExecutableType Value="Library"/>
      </Options>
    </Linking>
    <Other>
      <CompilerMessages>
        <IgnoredMessages idx5057="True"/>
        <UseMsgFile Value="True"/>
      </CompilerMessages>
      <CompilerPath Value="$(CompPath)"/>
    </Other>
  </CompilerOptions>
  <Debugging>
    <Exceptions Count="3">
      <Item1>
        <Name Value="EAbort"/>
      </Item1>
      <Item2>
        <Name Value="ECodetoolError"/>
      </Item2>
      <Item3>
        <Name Value="EFOpenError"/>
      </Item3>
    </Exceptions>
  </Debugging>
</CONFIG>
